
Microsoft Visual Studio Solution File, Format Version 12.00
# Visual Studio 14
VisualStudioVersion = 14.0.25420.1
MinimumVisualStudioVersion = 10.0.40219.1
Project("{FAE04EC0-301F-11D3-BF4B-00C04F79EFBC}") = "Nile.Data", "Nile.Data\Nile.Data.csproj", "{38705C79-6BFC-48B0-9021-55930EF3D36B}"
EndProject
Project("{FAE04EC0-301F-11D3-BF4B-00C04F79EFBC}") = "Nile.Windows", "Nile.Windows\Nile.Windows.csproj", "{A7B59123-448D-47C0-8684-7813B41F069C}"
EndProject
Project("{FAE04EC0-301F-11D3-BF4B-00C04F79EFBC}") = "Nile.MVC", "Nile.MVC\Nile.MVC.csproj", "{6BCE2315-9692-4B96-9DD8-ADEA73D7DB85}"
EndProject
Project("{00D1A9C2-B5F0-4AF3-8072-F6C62B433612}") = "ProductsDatabase", "ProductsDatabase\ProductsDatabase.sqlproj", "{07E5F55F-2CCB-426B-B0E5-C85CB4FF8881}"
EndProject
Global
	GlobalSection(SolutionConfigurationPlatforms) = preSolution
		Debug|Any CPU = Debug|Any CPU
		Release|Any CPU = Release|Any CPU
	EndGlobalSection
	GlobalSection(ProjectConfigurationPlatforms) = postSolution
		{38705C79-6BFC-48B0-9021-55930EF3D36B}.Debug|Any CPU.ActiveCfg = Debug|Any CPU
		{38705C79-6BFC-48B0-9021-55930EF3D36B}.Debug|Any CPU.Build.0 = Debug|Any CPU
		{38705C79-6BFC-48B0-9021-55930EF3D36B}.Release|Any CPU.ActiveCfg = Release|Any CPU
		{38705C79-6BFC-48B0-9021-55930EF3D36B}.Release|Any CPU.Build.0 = Release|Any CPU
		{A7B59123-448D-47C0-8684-7813B41F069C}.Debug|Any CPU.ActiveCfg = Debug|Any CPU
		{A7B59123-448D-47C0-8684-7813B41F069C}.Debug|Any CPU.Build.0 = Debug|Any CPU
		{A7B59123-448D-47C0-8684-7813B41F069C}.Release|Any CPU.ActiveCfg = Release|Any CPU
		{A7B59123-448D-47C0-8684-7813B41F069C}.Release|Any CPU.Build.0 = Release|Any CPU
		{6BCE2315-9692-4B96-9DD8-ADEA73D7DB85}.Debug|Any CPU.ActiveCfg = Debug|Any CPU
		{6BCE2315-9692-4B96-9DD8-ADEA73D7DB85}.Debug|Any CPU.Build.0 = Debug|Any CPU
		{6BCE2315-9692-4B96-9DD8-ADEA73D7DB85}.Release|Any CPU.ActiveCfg = Release|Any CPU
		{6BCE2315-9692-4B96-9DD8-ADEA73D7DB85}.Release|Any CPU.Build.0 = Release|Any CPU
		{07E5F55F-2CCB-426B-B0E5-C85CB4FF8881}.Debug|Any CPU.ActiveCfg = Debug|Any CPU
		{07E5F55F-2CCB-426B-B0E5-C85CB4FF8881}.Debug|Any CPU.Build.0 = Debug|Any CPU
		{07E5F55F-2CCB-426B-B0E5-C85CB4FF8881}.Debug|Any CPU.Deploy.0 = Debug|Any CPU
		{07E5F55F-2CCB-426B-B0E5-C85CB4FF8881}.Release|Any CPU.ActiveCfg = Release|Any CPU
		{07E5F55F-2CCB-426B-B0E5-C85CB4FF8881}.Release|Any CPU.Build.0 = Release|Any CPU
		{07E5F55F-2CCB-426B-B0E5-C85CB4FF8881}.Release|Any CPU.Deploy.0 = Release|Any CPU
	EndGlobalSection
	GlobalSection(SolutionProperties) = preSolution
		HideSolutionNode = FALSE
	EndGlobalSection
EndGlobal
